{
    "name": "qkr-mobile-app",
    "version": "1.0.0",
    "lockfileVersion": 3,
    "requires": true,
    "packages": {
        "": {
            "version": "1.0.0",
            "dependencies": {
                "@angular/common": "19.2.16",
                "@angular/compiler": "4.1.3",
                "@angular/compiler-cli": "4.1.3",
                "@angular/core": "11.0.5",
                "@angular/forms": "4.1.3",
                "@angular/http": "4.1.3",
                "@angular/platform-browser": "4.1.3",
                "@angular/platform-browser-dynamic": "4.1.3",
                "@ionic-native/android-fingerprint-auth": "^3.12.1",
                "@ionic-native/core": "3.12.1",
                "@ionic-native/nfc": "^3.13.1",
                "@ionic-native/secure-storage": "^3.12.1",
                "@ionic-native/splash-screen": "3.12.1",
                "@ionic-native/status-bar": "3.12.1",
                "@ionic/storage": "2.0.1",
                "cordova-android": "^6.2.3",
                "cordova-plugin-android-fingerprint-auth": "^1.3.1",
                "cordova-plugin-console": "^1.0.5",
                "cordova-plugin-device": "^1.1.4",
                "cordova-plugin-secure-storage": "^2.6.8",
                "cordova-plugin-splashscreen": "^4.0.3",
                "cordova-plugin-statusbar": "^2.2.2",
                "cordova-plugin-whitelist": "^1.3.1",
                "ionic-angular": "3.5.0",
                "ionic-plugin-keyboard": "^2.2.1",
                "ionicons": "3.0.0",
                "phonegap-nfc": "^0.6.6",
                "rxjs": "5.4.0",
                "sw-toolbox": "3.6.0",
                "zone.js": "0.8.12"
            },
            "devDependencies": {
                "@ionic/app-scripts": "1.3.12",
                "@ionic/cli-plugin-cordova": "1.4.0",
                "@ionic/cli-plugin-ionic-angular": "1.3.1",
                "typescript": "2.3.4"
            }
        },
        "node_modules/@angular/common": {
            "version": "19.2.16",
            "resolved": "https://registry.npmjs.org/@angular/common/-/common-19.2.16.tgz",
            "integrity": "sha512-sugztO7XIiLRoVjn0WJK9ooBm9zejsqlE5k4ZGvy1zFafM8LMjFHwD4KymN8JB3AOb7Ad4lJHVq1IvwWnpqeWw==",
            "license": "MIT",
            "peer": true,
            "dependencies": {
                "tslib": "^2.3.0"
            },
            "engines": {
                "node": "^18.19.1 || ^20.11.1 || >=22.0.0"
            },
            "peerDependencies": {
                "@angular/core": "19.2.16",
                "rxjs": "^6.5.3 || ^7.4.0"
            }
        },
        "node_modules/@angular/compiler": {
            "version": "4.1.3",
            "resolved": "https://registry.npmjs.org/@angular/compiler/-/compiler-4.1.3.tgz",
            "integrity": "sha1-0t0whTsM9KVHWLSjFGMsIx+clMM=",
            "peer": true,
            "peerDependencies": {
                "@angular/core": "4.1.3"
            }
        },
        "node_modules/@angular/compiler-cli": {
            "version": "4.1.3",
            "resolved": "https://registry.npmjs.org/@angular/compiler-cli/-/compiler-cli-4.1.3.tgz",
            "integrity": "sha1-wjYv/fZXVkcUgfg5+rZ1vKwhP5Y=",
            "peer": true,
            "dependencies": {
                "@angular/tsc-wrapped": "4.1.3",
                "minimist": "^1.2.0",
                "reflect-metadata": "^0.1.2"
            },
            "bin": {
                "ng-xi18n": "src/extract_i18n.js",
                "ngc": "src/main.js"
            },
            "peerDependencies": {
                "@angular/compiler": "4.1.3",
                "@angular/core": "4.1.3",
                "typescript": "^2.0.2"
            }
        },
        "node_modules/@angular/core": {
            "version": "11.0.5",
            "resolved": "https://registry.npmjs.org/@angular/core/-/core-11.0.5.tgz",
            "integrity": "sha512-XAXWQi7R3ucZXQwx9QK5jSKJeQyRJ53u2dQDpr7R5stzeCy1a5hrNOkZLg9zOTTPcth/6+FrOrRZP9SMdxtw3w==",
            "peer": true,
            "dependencies": {
                "tslib": "^2.0.0"
            },
            "peerDependencies": {
                "rxjs": "^6.5.3",
                "zone.js": "~0.10.3"
            }
        },
        "node_modules/@angular/forms": {
            "version": "4.1.3",
            "resolved": "https://registry.npmjs.org/@angular/forms/-/forms-4.1.3.tgz",
            "integrity": "sha1-OAq0w6+ExdHXSMKn0EFRx9yOSYI=",
            "peer": true,
            "peerDependencies": {
                "@angular/common": "4.1.3",
                "@angular/core": "4.1.3",
                "@angular/platform-browser": "4.1.3"
            }
        },
        "node_modules/@angular/http": {
            "version": "4.1.3",
            "resolved": "https://registry.npmjs.org/@angular/http/-/http-4.1.3.tgz",
            "integrity": "sha1-650cMCoBcoFfmlczENm+C964Ra4=",
            "deprecated": "Package no longer supported. Use @angular/common instead, see https://angular.io/guide/deprecations#angularhttp",
            "peer": true,
            "peerDependencies": {
                "@angular/core": "4.1.3",
                "@angular/platform-browser": "4.1.3",
                "rxjs": "^5.0.1"
            }
        },
        "node_modules/@angular/platform-browser": {
            "version": "4.1.3",
            "resolved": "https://registry.npmjs.org/@angular/platform-browser/-/platform-browser-4.1.3.tgz",
            "integrity": "sha1-T6HbURndF4sxXdrlsym+4akypb0=",
            "peer": true,
            "peerDependencies": {
                "@angular/common": "4.1.3",
                "@angular/core": "4.1.3"
            }
        },
        "node_modules/@angular/platform-browser-dynamic": {
            "version": "4.1.3",
            "resolved": "https://registry.npmjs.org/@angular/platform-browser-dynamic/-/platform-browser-dynamic-4.1.3.tgz",
            "integrity": "sha1-PBP9z1kdSH9u/cHUaRPygMbYwuw=",
            "peer": true,
            "peerDependencies": {
                "@angular/common": "4.1.3",
                "@angular/compiler": "4.1.3",
                "@angular/core": "4.1.3",
                "@angular/platform-browser": "4.1.3"
            }
        },
        "node_modules/@ionic-native/android-fingerprint-auth": {
            "version": "3.12.1",
            "resolved": "https://registry.npmjs.org/@ionic-native/android-fingerprint-auth/-/android-fingerprint-auth-3.12.1.tgz",
            "integrity": "sha512-OSScd7Ui+I8EyjCT37AgI8IQTuK6ZigYlOq/7bPrcn1Wu3w2Zsrj6q0E8v/9tgO9G74lkCs3pzv8kyaXhhbSVg==",
            "peerDependencies": {
                "@angular/core": "*",
                "@ionic-native/core": "^3.6.0",
                "rxjs": "^5.0.1"
            }
        },
        "node_modules/@ionic-native/core": {
            "version": "3.12.1",
            "resolved": "https://registry.npmjs.org/@ionic-native/core/-/core-3.12.1.tgz",
            "integrity": "sha512-cncRlkun1lwJ0kZUs7jrDbmHDvHNdveJhdsgJT7nGLavbK54UN3CdBjMcAk7zNOqlil6nXY8Nn/2B6WpUmQRNg==",
            "peer": true,
            "peerDependencies": {
                "rxjs": "^5.0.1"
            }
        },
        "node_modules/@ionic-native/nfc": {
            "version": "3.13.1",
            "resolved": "https://registry.npmjs.org/@ionic-native/nfc/-/nfc-3.13.1.tgz",
            "integrity": "sha1-F3UCpcBo4utQvb284SutyzeMg90=",
            "peerDependencies": {
                "@angular/core": "*",
                "@ionic-native/core": "^3.6.0",
                "rxjs": "^5.0.1"
            }
        },
        "node_modules/@ionic-native/secure-storage": {
            "version": "3.12.1",
            "resolved": "https://registry.npmjs.org/@ionic-native/secure-storage/-/secure-storage-3.12.1.tgz",
            "integrity": "sha512-O7ciNP9p506wabGRodzXLDQBjZT8am5CKpyzkrYtJtgO555h7apesC+VNd7kvAHmazoL8KAu5jO0/CytQvltWQ==",
            "peerDependencies": {
                "@angular/core": "*",
                "@ionic-native/core": "^3.6.0",
                "rxjs": "^5.0.1"
            }
        },
        "node_modules/@ionic-native/splash-screen": {
            "version": "3.12.1",
            "resolved": "https://registry.npmjs.org/@ionic-native/splash-screen/-/splash-screen-3.12.1.tgz",
            "integrity": "sha512-OVYRARVf7KB8lWBthIj6HOIcfNam2OhpdKXDOo0JyOEXLDMlxrxOOlC3szTUTrA4Lu6rseDenqPvbyoS/cW+FA==",
            "peerDependencies": {
                "@angular/core": "*",
                "@ionic-native/core": "^3.6.0",
                "rxjs": "^5.0.1"
            }
        },
        "node_modules/@ionic-native/status-bar": {
            "version": "3.12.1",
            "resolved": "https://registry.npmjs.org/@ionic-native/status-bar/-/status-bar-3.12.1.tgz",
            "integrity": "sha512-2kpSR/+Hma5tpYni0m5X+DbU4yalkIKlW8qfhnfdMuw5a6qKCoqE0UNxnJ3RxVh3OjCCYy0c99gEFMVIG2oezg==",
            "peerDependencies": {
                "@angular/core": "*",
                "@ionic-native/core": "^3.6.0",
                "rxjs": "^5.0.1"
            }
        },
        "node_modules/@ionic/app-scripts": {
            "version": "1.3.12",
            "resolved": "https://registry.npmjs.org/@ionic/app-scripts/-/app-scripts-1.3.12.tgz",
            "integrity": "sha512-aPljLGn3ddN3SkMoeO1e8GA9RPaAy9fKzYD5eWEMYygLnp6Zcsxe2lzTvUiwRyHqDC1JwyTJZ43pTwNzbVLlCQ==",
            "dev": true,
            "peer": true,
            "dependencies": {
                "autoprefixer": "7.1.1",
                "babili": "0.1.2",
                "chalk": "1.1.3",
                "chokidar": "1.7.0",
                "clean-css": "3.4.27",
                "cross-spawn": "5.1.0",
                "express": "4.15.3",
                "fs-extra": "2.0.0",
                "glob": "7.1.1",
                "json-loader": "0.5.4",
                "magic-string": "0.19.1",
                "node-sass": "4.5.3",
                "os-name": "2.0.1",
                "postcss": "5.2.17",
                "proxy-middleware": "0.15.0",
                "reflect-metadata": "^0.1.10",
                "rollup": "0.42.0",
                "rollup-plugin-commonjs": "8.0.2",
                "rollup-plugin-json": "2.3.0",
                "rollup-plugin-node-builtins": "2.1.2",
                "rollup-plugin-node-globals": "1.1.0",
                "rollup-plugin-node-resolve": "3.0.0",
                "rollup-pluginutils": "2.0.1",
                "tiny-lr": "1.0.4",
                "tslint": "5.2.0",
                "tslint-eslint-rules": "4.1.1",
                "uglify-js": "2.8.27",
                "webpack": "2.6.1",
                "ws": "1.1.1",
                "xml2js": "0.4.17"
            },
            "bin": {
                "ionic-app-scripts": "bin/ionic-app-scripts.js"
            }
        },
        "node_modules/@ionic/cli-plugin-cordova": {
            "version": "1.4.0",
            "resolved": "https://registry.npmjs.org/@ionic/cli-plugin-cordova/-/cli-plugin-cordova-1.4.0.tgz",
            "integrity": "sha1-LT3Xu9cyHg8ZlLbxohcXb1UUUpY=",
            "deprecated": "Ionic CLI 3.8 no longer loads this plugin. See https://github.com/ionic-team/ionic-cli/blob/master/CHANGELOG.md#3.8.0",
            "dev": true,
            "dependencies": {
                "@ionic/cli-utils": "1.4.0",
                "chalk": "^1.1.3",
                "xml2js": "^0.4.17"
            }
        },
        "node_modules/@ionic/cli-plugin-ionic-angular": {
            "version": "1.3.1",
            "resolved": "https://registry.npmjs.org/@ionic/cli-plugin-ionic-angular/-/cli-plugin-ionic-angular-1.3.1.tgz",
            "integrity": "sha1-iYX1pSDbl+1iBmFUZOFz0Ibs0eo=",
            "deprecated": "Latest Ionic CLI does not use this package.",
            "dev": true,
            "dependencies": {
                "@ionic/cli-utils": "1.4.0",
                "chalk": "^1.1.3"
            },
            "peerDependencies": {
                "@ionic/app-scripts": "^1.3.7"
            }
        },
        "node_modules/@ionic/storage": {
            "version": "2.0.1",
            "resolved": "https://registry.npmjs.org/@ionic/storage/-/storage-2.0.1.tgz",
            "integrity": "sha1-uxqMJ2AH0AjXrN2kJrVgZbD9PAs=",
            "dependencies": {
                "@types/localforage": "0.0.30",
                "localforage": "~1.4.2",
                "localforage-cordovasqlitedriver": "~1.5.0"
            },
            "peerDependencies": {
                "@angular/core": "*",
                "rxjs": "*"
            }
        },
        "node_modules/cordova-android": {
            "version": "6.2.3",
            "resolved": "https://registry.npmjs.org/cordova-android/-/cordova-android-6.2.3.tgz",
            "integrity": "sha1-JJ8hts5fHxyEenq4OxaQnb7Vqig=",
            "bundleDependencies": [
                "cordova-common",
                "elementtree",
                "nopt",
                "properties-parser",
                "q",
                "shelljs"
            ],
            "dependencies": {
                "cordova-common": "^2.0.1",
                "elementtree": "0.1.6",
                "nopt": "^3.0.1",
                "properties-parser": "^0.2.3",
                "q": "^1.4.1",
                "shelljs": "^0.5.3"
            },
            "bin": {
                "create": "bin/create"
            }
        },
        "node_modules/cordova-android/node_modules/abbrev": {
            "version": "1.1.0",
            "integrity": "sha512-c92Vmq5hfBgXyoUaHqF8P5+7THGjvxAlB64tm3PiFSAcDww34ndmrlSOd3AUaBZoutDwX0dHz9nUUFoD1jEw0Q==",
            "inBundle": true
        },
        "node_modules/cordova-android/node_modules/ansi": {
            "version": "0.3.1",
            "integrity": "sha512-iFY7JCgHbepc0b82yLaw4IMortylNb6wG4kL+4R0C3iv6i+RHGHux/yUX5BTiRvSX/shMnngjR1YyNMnXEFh5A==",
            "inBundle": true
        },
        "node_modules/cordova-android/node_modules/balanced-match": {
            "version": "0.4.2",
            "integrity": "sha512-STw03mQKnGUYtoNjmowo4F2cRmIIxYEGiMsjjwla/u5P1lxadj/05WkNaFjNiKTgJkj8KiXbgAiRTmcQRwQNtg==",
            "inBundle": true
        },
        "node_modules/cordova-android/node_modules/base64-js": {
            "version": "0.0.8",
            "integrity": "sha512-3XSA2cR/h/73EzlXXdU6YNycmYI7+kicTxks4eJg2g39biHR84slg2+des+p7iHYhbRg/udIS4TD53WabcOUkw==",
            "inBundle": true,
            "engines": {
                "node": ">= 0.4"
            }
        },
        "node_modules/cordova-android/node_modules/big-integer": {
            "version": "1.6.22",
            "integrity": "sha512-TJVGlTcP8M2bq3Pr2gA/vbEDt4jT0+t2cVFaQ8ljoIRe+aXzcqku3lf1Tzg93nijRha9gQVcrj6Xz5XKYstoAQ==",
            "inBundle": true,
            "engines": {
                "node": ">=0.6"
            }
        },
        "node_modules/cordova-android/node_modules/bplist-parser": {
            "version": "0.1.1",
            "integrity": "sha512-2AEM0FXy8ZxVLBuqX0hqt1gDwcnz2zygEkQ6zaD5Wko/sB9paUNwlpawrFtKeHUAQUOzjVy9AO4oeonqIHKA9Q==",
            "inBundle": true,
            "dependencies": {
                "big-integer": "^1.6.7"
            }
        },
        "node_modules/cordova-android/node_modules/brace-expansion": {
            "version": "1.1.7",
            "integrity": "sha512-ebXXDR1wKKxJNfTM872trAU5hpKduCkTN37ipoxsh5yibWq8FfxiobiHuVlPFkspSSNhrxbPHbM4kGyDGdJ5mg==",
            "inBundle": true,
            "dependencies": {
                "balanced-match": "^0.4.1",
                "concat-map": "0.0.1"
            }
        },
        "node_modules/cordova-android/node_modules/concat-map": {
            "version": "0.0.1",
            "integrity": "sha512-/Srv4dswyQNBfohGpz9o6Yb3Gz3SrUDqBH5rTuhGR7ahtlbYKnVxw2bCFMRljaA7EXHaXZ8wsHdodFvbkhKmqg==",
            "inBundle": true
        },
        "node_modules/cordova-android/node_modules/cordova-common": {
            "version": "2.0.2",
            "integrity": "sha512-aVrNRz6RUmfyzwM6v/hM/o+OczKj/JTkTsNhkbVQOsKPueAUNbC9MhqN0bupRdwMYsiMEe3pIGdBZdLkLJIHaQ==",
            "inBundle": true,
            "dependencies": {
                "ansi": "^0.3.1",
                "bplist-parser": "^0.1.0",
                "cordova-registry-mapper": "^1.1.8",
                "elementtree": "^0.1.6",
                "glob": "^5.0.13",
                "minimatch": "^3.0.0",
                "osenv": "^0.1.3",
                "plist": "^1.2.0",
                "q": "^1.4.1",
                "semver": "^5.0.1",
                "shelljs": "^0.5.3",
                "underscore": "^1.8.3",
                "unorm": "^1.3.3"
            },
            "engines": {
                "node": ">=4.0.0"
            }
        },
        "node_modules/cordova-android/node_modules/cordova-registry-mapper": {
            "version": "1.1.15",
            "integrity": "sha512-QHpSMAhaF7Zo5y2zddIJP/hWNJXvLTiIo81PdEfBQEvePCtUKRXBQLcYRfuSGetTZbT6sJFG7Djm2iZo7iZ3sQ==",
            "inBundle": true
        },
        "node_modules/cordova-android/node_modules/elementtree": {
            "version": "0.1.6",
            "integrity": "sha512-3PFZPanYTg5tPl84pM+Eu04xWYWi8+FF970UgE7CThRdRR77paLrj/qiv7NyEdy0qL1KFvVvpwbWjhL1D7+pTQ==",
            "inBundle": true,
            "dependencies": {
                "sax": "0.3.5"
            },
            "engines": {
                "node": ">= 0.4.0"
            }
        },
        "node_modules/cordova-android/node_modules/glob": {
            "version": "5.0.15",
            "integrity": "sha512-c9IPMazfRITpmAAKi22dK1VKxGDX9ehhqfABDriL/lzO92xcUKEJPQHrVA/2YHSNFB4iFlykVmWvwo48nr3OxA==",
            "deprecated": "Glob versions prior to v9 are no longer supported",
            "inBundle": true,
            "dependencies": {
                "inflight": "^1.0.4",
                "inherits": "2",
                "minimatch": "2 || 3",
                "once": "^1.3.0",
                "path-is-absolute": "^1.0.0"
            },
            "engines": {
                "node": "*"
            }
        },
        "node_modules/cordova-android/node_modules/inflight": {
            "version": "1.0.6",
            "integrity": "sha512-k92I/b08q4wvFscXCLvqfsHCrjrF7yiXsQuIVvVE7N82W3+aqpzuUdBbfhWcy/FZR3/4IgflMgKLOsvPDrGCJA==",
            "deprecated": "This module is not supported, and leaks memory. Do not use it. Check out lru-cache if you want a good and tested way to coalesce async requests by a key value, which is much more comprehensive and powerful.",
            "inBundle": true,
            "dependencies": {
                "once": "^1.3.0",
                "wrappy": "1"
            }
        },
        "node_modules/cordova-android/node_modules/inherits": {
            "version": "2.0.3",
            "integrity": "sha512-x00IRNXNy63jwGkJmzPigoySHbaqpNuzKbBOmzK+g2OdZpQ9w+sxCN+VSB3ja7IAge2OP2qpfxTjeNcyjmW1uw==",
            "inBundle": true
        },
        "node_modules/cordova-android/node_modules/lodash": {
            "version": "3.10.1",
            "integrity": "sha512-9mDDwqVIma6OZX79ZlDACZl8sBm0TEnkf99zV3iMA4GzkIT/9hiqP5mY0HoT1iNLCrKc/R1HByV+yJfRWVJryQ==",
            "inBundle": true
        },
        "node_modules/cordova-android/node_modules/minimatch": {
            "version": "3.0.3",
            "integrity": "sha512-NyXjqu1IwcqH6nv5vmMtaG3iw7kdV3g6MwlUBZkc3Vn5b5AMIWYKfptvzipoyFfhlfOgBQ9zoTxQMravF1QTnw==",
            "inBundle": true,
            "dependencies": {
                "brace-expansion": "^1.0.0"
            },
            "engines": {
                "node": "*"
            }
        },
        "node_modules/cordova-android/node_modules/nopt": {
            "version": "3.0.6",
            "integrity": "sha512-4GUt3kSEYmk4ITxzB/b9vaIDfUVWN/Ml1Fwl11IlnIG2iaJ9O6WXZ9SrYM9NLI8OCBieN2Y8SWC2oJV0RQ7qYg==",
            "inBundle": true,
            "dependencies": {
                "abbrev": "1"
            },
            "bin": {
                "nopt": "bin/nopt.js"
            }
        },
        "node_modules/cordova-android/node_modules/once": {
            "version": "1.4.0",
            "integrity": "sha512-lNaJgI+2Q5URQBkccEKHTQOPaXdUxnZZElQTZY0MFUAuaEqe1E+Nyvgdz/aIyNi6Z9MzO5dv1H8n58/GELp3+w==",
            "inBundle": true,
            "dependencies": {
                "wrappy": "1"
            }
        },
        "node_modules/cordova-android/node_modules/os-homedir": {
            "version": "1.0.2",
            "integrity": "sha512-B5JU3cabzk8c67mRRd3ECmROafjYMXbuzlwtqdM8IbS8ktlTix8aFGb2bAGKrSRIlnfKwovGUUr72JUPyOb6kQ==",
            "inBundle": true,
            "engines": {
                "node": ">=0.10.0"
            }
        },
        "node_modules/cordova-android/node_modules/os-tmpdir": {
            "version": "1.0.2",
            "integrity": "sha512-D2FR03Vir7FIu45XBY20mTb+/ZSWB00sjU9jdQXt83gDrI4Ztz5Fs7/yy74g2N5SVQY4xY1qDr4rNddwYRVX0g==",
            "inBundle": true,
            "engines": {
                "node": ">=0.10.0"
            }
        },
        "node_modules/cordova-android/node_modules/osenv": {
            "version": "0.1.4",
            "integrity": "sha512-W6FhbLxEWdiyX2/fCl2YBZUJOYWaCHJa+jJwUVMX0iFYJmwyd0uzKx4NxFdj3xo9C0pumQ6G/fvd1MbNhsqQbQ==",
            "deprecated": "This package is no longer supported.",
            "inBundle": true,
            "dependencies": {
                "os-homedir": "^1.0.0",
                "os-tmpdir": "^1.0.0"
            }
        },
        "node_modules/cordova-android/node_modules/path-is-absolute": {
            "version": "1.0.1",
            "integrity": "sha512-AVbw3UJ2e9bq64vSaS9Am0fje1Pa8pbGqTTsmXfaIiMpnr5DlDhfJOuLj9Sf95ZPVDAUerDfEk88MPmPe7UCQg==",
            "inBundle": true,
            "engines": {
                "node": ">=0.10.0"
            }
        },
        "node_modules/cordova-android/node_modules/plist": {
            "version": "1.2.0",
            "integrity": "sha512-dL9Xc2Aj3YyBnwvCNuHmFl2LWvQacm/HEAsoVwLiuu0POboMChETt5wexpU1P6F6MnibIucXlVsMFFgNUT2IyA==",
            "inBundle": true,
            "dependencies": {
                "base64-js": "0.0.8",
                "util-deprecate": "1.0.2",
                "xmlbuilder": "4.0.0",
                "xmldom": "0.1.x"
            }
        },
        "node_modules/cordova-android/node_modules/properties-parser": {
            "version": "0.2.3",
            "integrity": "sha512-SCaVZrSEm4TgIwLwGuthjmImjXbekq92YVNf9CFElxyOdYL+rNlA1d0vRvIOaMatZ2Lo8CytjVUE8Jxw0GizRg==",
            "inBundle": true,
            "engines": {
                "node": ">= 0.3.1"
            }
        },
        "node_modules/cordova-android/node_modules/q": {
            "version": "1.5.0",
            "integrity": "sha512-VVMcd+HnuWZalHPycK7CsbVJ+sSrrrnCvHcW38YJVK9Tywnb5DUWJjONi81bLUj7aqDjIXnePxBl5t1r/F/ncg==",
            "deprecated": "You or someone you depend on is using Q, the JavaScript Promise library that gave JavaScript developers strong feelings about promises. They can almost certainly migrate to the native JavaScript promise now. Thank you literally everyone for joining me in this bet against the odds. Be excellent to each other.\n\n(For a CapTP with native promises, see @endo/eventual-send and @endo/captp)",
            "inBundle": true,
            "engines": {
                "node": ">=0.6.0",
                "teleport": ">=0.2.0"
            }
        },
        "node_modules/cordova-android/node_modules/sax": {
            "version": "0.3.5",
            "integrity": "sha512-b8euO9HV4Tf3a9lIfIb/uHQ6FHaw/wxYgASH8Q/pssuF+zifxzfnlMHHJTN94bhYbMKOF2ZWLMBscp6KKR2kmw==",
            "inBundle": true,
            "engines": {
                "node": "*"
            }
        },
        "node_modules/cordova-android/node_modules/semver": {
            "version": "5.3.0",
            "integrity": "sha512-mfmm3/H9+67MCVix1h+IXTpDwL6710LyHuk7+cWC9T1mE0qz4iHhh6r4hU2wrIT9iTsAAC2XQRvfblL028cpLw==",
            "inBundle": true,
            "bin": {
                "semver": "bin/semver"
            }
        },
        "node_modules/cordova-android/node_modules/shelljs": {
            "version": "0.5.3",
            "integrity": "sha512-C2FisSSW8S6TIYHHiMHN0NqzdjWfTekdMpA2FJTbRWnQMLO1RRIXEB9eVZYOlofYmjZA7fY3ChoFu09MeI3wlQ==",
            "inBundle": true,
            "bin": {
                "shjs": "bin/shjs"
            },
            "engines": {
                "node": ">=0.8.0"
            }
        },
        "node_modules/cordova-android/node_modules/underscore": {
            "version": "1.8.3",
            "integrity": "sha512-5WsVTFcH1ut/kkhAaHf4PVgI8c7++GiVcpCGxPouI6ZVjsqPnSDf8h/8HtVqc0t4fzRXwnMK70EcZeAs3PIddg==",
            "inBundle": true
        },
        "node_modules/cordova-android/node_modules/unorm": {
            "version": "1.4.1",
            "integrity": "sha512-ZKduSr7qaZXq/R784+M3vudsguIahTX9aVtlfJdMaQj/yQw7A8LhkaS76/a6d0TzeBtiMDl+clvrLxq6HG/nAA==",
            "inBundle": true,
            "engines": {
                "node": ">= 0.4.0"
            }
        },
        "node_modules/cordova-android/node_modules/util-deprecate": {
            "version": "1.0.2",
            "integrity": "sha512-EPD5q1uXyFxJpCrLnCc1nHnq3gOa6DZBocAIiI2TaSCA7VCJ1UJDMagCzIkXNsUYfD1daK//LTEQ8xiIbrHtcw==",
            "inBundle": true
        },
        "node_modules/cordova-android/node_modules/wrappy": {
            "version": "1.0.2",
            "integrity": "sha512-l4Sp/DRseor9wL6EvV2+TuQn63dMkPjZ/sp9XkghTEbV9KlPS1xUsZ3u7/IQO4wxtcFB4bgpQPRcR3QCvezPcQ==",
            "inBundle": true
        },
        "node_modules/cordova-android/node_modules/xmlbuilder": {
            "version": "4.0.0",
            "integrity": "sha512-wrG9gc6hCFDd5STt+6fsjP2aGSkjkNSewH+1K6s0KVOd94vXAUyTwlxWVnMFVtLdMf+q0QRZN1z9hTOKgoEdMg==",
            "inBundle": true,
            "dependencies": {
                "lodash": "^3.5.0"
            },
            "engines": {
                "node": ">=0.8.0"
            }
        },
        "node_modules/cordova-android/node_modules/xmldom": {
            "version": "0.1.27",
            "integrity": "sha512-7WpJBYwyhvsddFJA51SOIU0Be9W44sbGGjc6Z3ly8Wx/Wl7nriMPZ5xf6Np9ASlJ6gACfXcTLukm4DtX372lFw==",
            "deprecated": "Deprecated due to CVE-2021-21366 resolved in 0.5.0",
            "inBundle": true,
            "engines": {
                "node": ">=0.1"
            }
        },
        "node_modules/cordova-plugin-android-fingerprint-auth": {
            "version": "1.3.1",
            "resolved": "https://registry.npmjs.org/cordova-plugin-android-fingerprint-auth/-/cordova-plugin-android-fingerprint-auth-1.3.1.tgz",
            "integrity": "sha1-wXcKdqzPGFoPIa5M4cpt1JXpGgs="
        },
        "node_modules/cordova-plugin-console": {
            "version": "1.0.5",
            "resolved": "https://registry.npmjs.org/cordova-plugin-console/-/cordova-plugin-console-1.0.5.tgz",
            "integrity": "sha1-8OKa7pwDyrnp2IOwHRnyLd1chXA=",
            "deprecated": "This plugin has been deprecated since it is now included in the latest versions of cordova-ios",
            "engines": {
                "cordovaDependencies": {
                    "2.0.0": {
                        "cordova": ">100"
                    }
                }
            }
        },
        "node_modules/cordova-plugin-device": {
            "version": "1.1.4",
            "resolved": "https://registry.npmjs.org/cordova-plugin-device/-/cordova-plugin-device-1.1.4.tgz",
            "integrity": "sha1-1f50cSBp0D9tOG7wvTIbOr0NONw=",
            "engines": {
                "cordovaDependencies": {
                    "2.0.0": {
                        "cordova": ">100"
                    }
                }
            }
        },
        "node_modules/cordova-plugin-secure-storage": {
            "version": "2.6.8",
            "resolved": "https://registry.npmjs.org/cordova-plugin-secure-storage/-/cordova-plugin-secure-storage-2.6.8.tgz",
            "integrity": "sha1-gdCxKc0XkwM4YHoYjqI9t6iDKwk="
        },
        "node_modules/cordova-plugin-splashscreen": {
            "version": "4.0.3",
            "resolved": "https://registry.npmjs.org/cordova-plugin-splashscreen/-/cordova-plugin-splashscreen-4.0.3.tgz",
            "integrity": "sha1-dzzRNjwfO6y5kBZj6eN5PdPgoZ0=",
            "engines": {
                "cordovaDependencies": {
                    "2.0.0": {
                        "cordova-android": ">=3.6.0"
                    },
                    "4.0.0": {
                        "cordova-android": ">=3.6.0",
                        "cordova-windows": ">=4.4.0"
                    },
                    "5.0.0": {
                        "cordova": ">100"
                    }
                }
            }
        },
        "node_modules/cordova-plugin-statusbar": {
            "version": "2.2.2",
            "resolved": "https://registry.npmjs.org/cordova-plugin-statusbar/-/cordova-plugin-statusbar-2.2.2.tgz",
            "integrity": "sha1-nFM0JqKb0ojnOx86iXLuFkRQ+2s=",
            "engines": {
                "cordovaDependencies": {
                    "0.1.0": {
                        "cordova": ">=3.0.0"
                    },
                    "3.0.0": {
                        "cordova": ">100"
                    }
                }
            }
        },
        "node_modules/cordova-plugin-whitelist": {
            "version": "1.3.1",
            "resolved": "https://registry.npmjs.org/cordova-plugin-whitelist/-/cordova-plugin-whitelist-1.3.1.tgz",
            "integrity": "sha1-n9Hbf9bJVpUdNHcc3Nl/Zs7VFt8=",
            "deprecated": "See https://github.com/apache/cordova-plugin-whitelist#deprecation-notice for details.",
            "engines": {
                "cordovaDependencies": {
                    "0.0.0": {
                        "cordova-android": ">=4.0.0"
                    },
                    "2.0.0": {
                        "cordova": ">100"
                    }
                }
            }
        },
        "node_modules/ionic-angular": {
            "version": "3.5.0",
            "resolved": "https://registry.npmjs.org/ionic-angular/-/ionic-angular-3.5.0.tgz",
            "integrity": "sha1-NbwT6k8z0wjAwhQna1GuLsQAe60=",
            "peerDependencies": {
                "@angular/common": "4.1.3",
                "@angular/compiler": "4.1.3",
                "@angular/compiler-cli": "4.1.3",
                "@angular/core": "4.1.3",
                "@angular/forms": "4.1.3",
                "@angular/http": "4.1.3",
                "@angular/platform-browser": "4.1.3",
                "@angular/platform-browser-dynamic": "4.1.3",
                "rxjs": "5.4.0",
                "zone.js": "0.8.12"
            }
        },
        "node_modules/ionic-plugin-keyboard": {
            "version": "2.2.1",
            "resolved": "https://registry.npmjs.org/ionic-plugin-keyboard/-/ionic-plugin-keyboard-2.2.1.tgz",
            "integrity": "sha1-8qnhabvptVIkADR8n9bTRn7j+hI="
        },
        "node_modules/ionicons": {
            "version": "3.0.0",
            "resolved": "https://registry.npmjs.org/ionicons/-/ionicons-3.0.0.tgz",
            "integrity": "sha1-QLja9P16MRUL0AIWD2ZJbiKpjDw=",
            "engines": {
                "node": ">=0.10.3"
            }
        },
        "node_modules/phonegap-nfc": {
            "version": "0.6.6",
            "resolved": "https://registry.npmjs.org/phonegap-nfc/-/phonegap-nfc-0.6.6.tgz",
            "integrity": "sha1-fWNbyS0U6uAD55kZW/AsP3orm3Y="
        },
        "node_modules/rxjs": {
            "version": "5.4.0",
            "resolved": "https://registry.npmjs.org/rxjs/-/rxjs-5.4.0.tgz",
            "integrity": "sha1-p9sUqxV/nXqsalbmVeejhg05vyY=",
            "peer": true,
            "dependencies": {
                "symbol-observable": "^1.0.1"
            },
            "engines": {
                "npm": ">=2.0.0"
            }
        },
        "node_modules/sw-toolbox": {
            "version": "3.6.0",
            "resolved": "https://registry.npmjs.org/sw-toolbox/-/sw-toolbox-3.6.0.tgz",
            "integrity": "sha1-Jt8dHHA0hljk3qKIQxkUm3sxg7U=",
            "deprecated": "Please migrate to Workbox: https://developers.google.com/web/tools/workbox/guides/migrations/migrate-from-sw",
            "dependencies": {
                "path-to-regexp": "^1.0.1",
                "serviceworker-cache-polyfill": "^4.0.0"
            }
        },
        "node_modules/tslib": {
            "version": "2.8.1",
            "resolved": "https://registry.npmjs.org/tslib/-/tslib-2.8.1.tgz",
            "integrity": "sha512-oJFu94HQb+KVduSUQL7wnpmqnfmLsOA/nAh6b6EH0wCEoK0/mPeXU6c3wKDV83MkOuHPRHtSXKKU99IBazS/2w==",
            "license": "0BSD"
        },
        "node_modules/typescript": {
            "version": "2.3.4",
            "resolved": "https://registry.npmjs.org/typescript/-/typescript-2.3.4.tgz",
            "integrity": "sha1-PTgyGCgjHkNPKHUUlZw3qCtin0I=",
            "peer": true,
            "bin": {
                "tsc": "bin/tsc",
                "tsserver": "bin/tsserver"
            },
            "engines": {
                "node": ">=4.2.0"
            }
        },
        "node_modules/zone.js": {
            "version": "0.8.12",
            "resolved": "https://registry.npmjs.org/zone.js/-/zone.js-0.8.12.tgz",
            "integrity": "sha1-hv9QU8mK7CkaC/S7rFAdaUoFz7s=",
            "peer": true
        }
    }
}
